// !$*UTF8*$!
{
	archiveVersion = 1;
	classes = {
	};
	objectVersion = 46;
	objects = {

/* Begin PBXBuildFile section */
		43BD8E5E15B0B84A00D17E19 /* Cocoa.framework in Frameworks */ = {isa = PBXBuildFile; fileRef = 43BD8E5D15B0B84A00D17E19 /* Cocoa.framework */; };
		43BD8E6815B0B84A00D17E19 /* InfoPlist.strings in Resources */ = {isa = PBXBuildFile; fileRef = 43BD8E6615B0B84A00D17E19 /* InfoPlist.strings */; };
		43BD8E6A15B0B84A00D17E19 /* main.m in Sources */ = {isa = PBXBuildFile; fileRef = 43BD8E6915B0B84A00D17E19 /* main.m */; };
		43BD8E6E15B0B84A00D17E19 /* Credits.rtf in Resources */ = {isa = PBXBuildFile; fileRef = 43BD8E6C15B0B84A00D17E19 /* Credits.rtf */; };
		43BD8E7115B0B84A00D17E19 /* OutrightAppDelegate.m in Sources */ = {isa = PBXBuildFile; fileRef = 43BD8E7015B0B84A00D17E19 /* OutrightAppDelegate.m */; };
		43BD8E7415B0B84B00D17E19 /* MainMenu.xib in Resources */ = {isa = PBXBuildFile; fileRef = 43BD8E7215B0B84B00D17E19 /* MainMenu.xib */; };
		43BD8E8315B0B90900D17E19 /* MenubarController.m in Sources */ = {isa = PBXBuildFile; fileRef = 43BD8E7F15B0B90900D17E19 /* MenubarController.m */; };
		43BD8E8415B0B90900D17E19 /* PanelController.m in Sources */ = {isa = PBXBuildFile; fileRef = 43BD8E8115B0B90900D17E19 /* PanelController.m */; };
		43BD8E8B15B0B98000D17E19 /* Panel.m in Sources */ = {isa = PBXBuildFile; fileRef = 43BD8E8615B0B98000D17E19 /* Panel.m */; };
		43BD8E8C15B0B98000D17E19 /* StatusItemView.m in Sources */ = {isa = PBXBuildFile; fileRef = 43BD8E8815B0B98000D17E19 /* StatusItemView.m */; };
		43BD8E8D15B0B98000D17E19 /* BackgroundView.m in Sources */ = {isa = PBXBuildFile; fileRef = 43BD8E8A15B0B98000D17E19 /* BackgroundView.m */; };
		43BD8E9215B0BBA800D17E19 /* outright_colors.png in Resources */ = {isa = PBXBuildFile; fileRef = 43BD8E9015B0BBA800D17E19 /* outright_colors.png */; };
		43BD8E9315B0BBA800D17E19 /* outright.png in Resources */ = {isa = PBXBuildFile; fileRef = 43BD8E9115B0BBA800D17E19 /* outright.png */; };
		43BD8E9615B0BBF900D17E19 /* Panel.xib in Resources */ = {isa = PBXBuildFile; fileRef = 43BD8E9515B0BBF900D17E19 /* Panel.xib */; };
		43BD8E9815B0BD7400D17E19 /* WebKit.framework in Frameworks */ = {isa = PBXBuildFile; fileRef = 43BD8E9715B0BD7400D17E19 /* WebKit.framework */; };
		43BD8E9C15B0BE0B00D17E19 /* icon.jpg in Resources */ = {isa = PBXBuildFile; fileRef = 43BD8E9B15B0BE0B00D17E19 /* icon.jpg */; };
/* End PBXBuildFile section */

/* Begin PBXFileReference section */
		43BD8E5915B0B84A00D17E19 /* Cowboy.app */ = {isa = PBXFileReference; explicitFileType = wrapper.application; includeInIndex = 0; path = Cowboy.app; sourceTree = BUILT_PRODUCTS_DIR; };
		43BD8E5D15B0B84A00D17E19 /* Cocoa.framework */ = {isa = PBXFileReference; lastKnownFileType = wrapper.framework; name = Cocoa.framework; path = System/Library/Frameworks/Cocoa.framework; sourceTree = SDKROOT; };
		43BD8E6015B0B84A00D17E19 /* AppKit.framework */ = {isa = PBXFileReference; lastKnownFileType = wrapper.framework; name = AppKit.framework; path = System/Library/Frameworks/AppKit.framework; sourceTree = SDKROOT; };
		43BD8E6115B0B84A00D17E19 /* CoreData.framework */ = {isa = PBXFileReference; lastKnownFileType = wrapper.framework; name = CoreData.framework; path = System/Library/Frameworks/CoreData.framework; sourceTree = SDKROOT; };
		43BD8E6215B0B84A00D17E19 /* Foundation.framework */ = {isa = PBXFileReference; lastKnownFileType = wrapper.framework; name = Foundation.framework; path = System/Library/Frameworks/Foundation.framework; sourceTree = SDKROOT; };
		43BD8E6515B0B84A00D17E19 /* Cowboy-Info.plist */ = {isa = PBXFileReference; lastKnownFileType = text.plist.xml; path = "Cowboy-Info.plist"; sourceTree = "<group>"; };
		43BD8E6715B0B84A00D17E19 /* en */ = {isa = PBXFileReference; lastKnownFileType = text.plist.strings; name = en; path = en.lproj/InfoPlist.strings; sourceTree = "<group>"; };
		43BD8E6915B0B84A00D17E19 /* main.m */ = {isa = PBXFileReference; lastKnownFileType = sourcecode.c.objc; path = main.m; sourceTree = "<group>"; };
		43BD8E6B15B0B84A00D17E19 /* Cowboy-Prefix.pch */ = {isa = PBXFileReference; lastKnownFileType = sourcecode.c.h; path = "Cowboy-Prefix.pch"; sourceTree = "<group>"; };
		43BD8E6D15B0B84A00D17E19 /* en */ = {isa = PBXFileReference; lastKnownFileType = text.rtf; name = en; path = en.lproj/Credits.rtf; sourceTree = "<group>"; };
		43BD8E6F15B0B84A00D17E19 /* OutrightAppDelegate.h */ = {isa = PBXFileReference; lastKnownFileType = sourcecode.c.h; path = OutrightAppDelegate.h; sourceTree = "<group>"; };
		43BD8E7015B0B84A00D17E19 /* OutrightAppDelegate.m */ = {isa = PBXFileReference; lastKnownFileType = sourcecode.c.objc; path = OutrightAppDelegate.m; sourceTree = "<group>"; };
		43BD8E7315B0B84B00D17E19 /* en */ = {isa = PBXFileReference; lastKnownFileType = file.xib; name = en; path = en.lproj/MainMenu.xib; sourceTree = "<group>"; };
		43BD8E7E15B0B90900D17E19 /* MenubarController.h */ = {isa = PBXFileReference; fileEncoding = 4; lastKnownFileType = sourcecode.c.h; path = MenubarController.h; sourceTree = "<group>"; };
		43BD8E7F15B0B90900D17E19 /* MenubarController.m */ = {isa = PBXFileReference; fileEncoding = 4; lastKnownFileType = sourcecode.c.objc; path = MenubarController.m; sourceTree = "<group>"; };
		43BD8E8015B0B90900D17E19 /* PanelController.h */ = {isa = PBXFileReference; fileEncoding = 4; lastKnownFileType = sourcecode.c.h; path = PanelController.h; sourceTree = "<group>"; };
		43BD8E8115B0B90900D17E19 /* PanelController.m */ = {isa = PBXFileReference; fileEncoding = 4; lastKnownFileType = sourcecode.c.objc; path = PanelController.m; sourceTree = "<group>"; };
		43BD8E8515B0B98000D17E19 /* Panel.h */ = {isa = PBXFileReference; fileEncoding = 4; lastKnownFileType = sourcecode.c.h; path = Panel.h; sourceTree = "<group>"; };
		43BD8E8615B0B98000D17E19 /* Panel.m */ = {isa = PBXFileReference; fileEncoding = 4; lastKnownFileType = sourcecode.c.objc; path = Panel.m; sourceTree = "<group>"; };
		43BD8E8715B0B98000D17E19 /* StatusItemView.h */ = {isa = PBXFileReference; fileEncoding = 4; lastKnownFileType = sourcecode.c.h; path = StatusItemView.h; sourceTree = "<group>"; };
		43BD8E8815B0B98000D17E19 /* StatusItemView.m */ = {isa = PBXFileReference; fileEncoding = 4; lastKnownFileType = sourcecode.c.objc; path = StatusItemView.m; sourceTree = "<group>"; };
		43BD8E8915B0B98000D17E19 /* BackgroundView.h */ = {isa = PBXFileReference; fileEncoding = 4; lastKnownFileType = sourcecode.c.h; path = BackgroundView.h; sourceTree = "<group>"; };
		43BD8E8A15B0B98000D17E19 /* BackgroundView.m */ = {isa = PBXFileReference; fileEncoding = 4; lastKnownFileType = sourcecode.c.objc; path = BackgroundView.m; sourceTree = "<group>"; };
		43BD8E9015B0BBA800D17E19 /* outright_colors.png */ = {isa = PBXFileReference; lastKnownFileType = image.png; path = outright_colors.png; sourceTree = "<group>"; };
		43BD8E9115B0BBA800D17E19 /* outright.png */ = {isa = PBXFileReference; lastKnownFileType = image.png; path = outright.png; sourceTree = "<group>"; };
		43BD8E9515B0BBF900D17E19 /* Panel.xib */ = {isa = PBXFileReference; fileEncoding = 4; lastKnownFileType = file.xib; path = Panel.xib; sourceTree = "<group>"; };
		43BD8E9715B0BD7400D17E19 /* WebKit.framework */ = {isa = PBXFileReference; lastKnownFileType = wrapper.framework; name = WebKit.framework; path = System/Library/Frameworks/WebKit.framework; sourceTree = SDKROOT; };
		43BD8E9B15B0BE0B00D17E19 /* icon.jpg */ = {isa = PBXFileReference; lastKnownFileType = image.jpeg; path = icon.jpg; sourceTree = "<group>"; };
/* End PBXFileReference section */

/* Begin PBXFrameworksBuildPhase section */
		43BD8E5615B0B84A00D17E19 /* Frameworks */ = {
			isa = PBXFrameworksBuildPhase;
			buildActionMask = 2147483647;
			files = (
				43BD8E9815B0BD7400D17E19 /* WebKit.framework in Frameworks */,
				43BD8E5E15B0B84A00D17E19 /* Cocoa.framework in Frameworks */,
			);
			runOnlyForDeploymentPostprocessing = 0;
		};
/* End PBXFrameworksBuildPhase section */

/* Begin PBXGroup section */
		43BD8E4E15B0B84A00D17E19 = {
			isa = PBXGroup;
			children = (
				43BD8E9B15B0BE0B00D17E19 /* icon.jpg */,
				43BD8E6315B0B84A00D17E19 /* Cowboy */,
				43BD8E5C15B0B84A00D17E19 /* Frameworks */,
				43BD8E5A15B0B84A00D17E19 /* Products */,
			);
			sourceTree = "<group>";
		};
		43BD8E5A15B0B84A00D17E19 /* Products */ = {
			isa = PBXGroup;
			children = (
				43BD8E5915B0B84A00D17E19 /* Cowboy.app */,
			);
			name = Products;
			sourceTree = "<group>";
		};
		43BD8E5C15B0B84A00D17E19 /* Frameworks */ = {
			isa = PBXGroup;
			children = (
				43BD8E9715B0BD7400D17E19 /* WebKit.framework */,
				43BD8E5D15B0B84A00D17E19 /* Cocoa.framework */,
				43BD8E5F15B0B84A00D17E19 /* Other Frameworks */,
			);
			name = Frameworks;
			sourceTree = "<group>";
		};
		43BD8E5F15B0B84A00D17E19 /* Other Frameworks */ = {
			isa = PBXGroup;
			children = (
				43BD8E6015B0B84A00D17E19 /* AppKit.framework */,
				43BD8E6115B0B84A00D17E19 /* CoreData.framework */,
				43BD8E6215B0B84A00D17E19 /* Foundation.framework */,
			);
			name = "Other Frameworks";
			sourceTree = "<group>";
		};
		43BD8E6315B0B84A00D17E19 /* Cowboy */ = {
			isa = PBXGroup;
			children = (
				43BD8E8E15B0BB8500D17E19 /* User Interface */,
				43BD8E7B15B0B8B900D17E19 /* Views */,
				43BD8E7A15B0B8B000D17E19 /* Controllers */,
				43BD8E6415B0B84A00D17E19 /* Supporting Files */,
			);
			path = Cowboy;
			sourceTree = "<group>";
		};
		43BD8E6415B0B84A00D17E19 /* Supporting Files */ = {
			isa = PBXGroup;
			children = (
				43BD8E6515B0B84A00D17E19 /* Cowboy-Info.plist */,
				43BD8E6615B0B84A00D17E19 /* InfoPlist.strings */,
				43BD8E6915B0B84A00D17E19 /* main.m */,
				43BD8E6B15B0B84A00D17E19 /* Cowboy-Prefix.pch */,
				43BD8E6C15B0B84A00D17E19 /* Credits.rtf */,
			);
			name = "Supporting Files";
			sourceTree = "<group>";
		};
		43BD8E7A15B0B8B000D17E19 /* Controllers */ = {
			isa = PBXGroup;
			children = (
				43BD8E6F15B0B84A00D17E19 /* OutrightAppDelegate.h */,
				43BD8E7015B0B84A00D17E19 /* OutrightAppDelegate.m */,
				43BD8E7E15B0B90900D17E19 /* MenubarController.h */,
				43BD8E7F15B0B90900D17E19 /* MenubarController.m */,
				43BD8E8015B0B90900D17E19 /* PanelController.h */,
				43BD8E8115B0B90900D17E19 /* PanelController.m */,
			);
			name = Controllers;
			sourceTree = "<group>";
		};
		43BD8E7B15B0B8B900D17E19 /* Views */ = {
			isa = PBXGroup;
			children = (
				43BD8E8515B0B98000D17E19 /* Panel.h */,
				43BD8E8615B0B98000D17E19 /* Panel.m */,
				43BD8E8715B0B98000D17E19 /* StatusItemView.h */,
				43BD8E8815B0B98000D17E19 /* StatusItemView.m */,
				43BD8E8915B0B98000D17E19 /* BackgroundView.h */,
				43BD8E8A15B0B98000D17E19 /* BackgroundView.m */,
			);
			name = Views;
			sourceTree = "<group>";
		};
		43BD8E8E15B0BB8500D17E19 /* User Interface */ = {
			isa = PBXGroup;
			children = (
				43BD8E9415B0BBE200D17E19 /* XIBs */,
				43BD8E8F15B0BB9900D17E19 /* Images */,
			);
			name = "User Interface";
			sourceTree = "<group>";
		};
		43BD8E8F15B0BB9900D17E19 /* Images */ = {
			isa = PBXGroup;
			children = (
				43BD8E9015B0BBA800D17E19 /* outright_colors.png */,
				43BD8E9115B0BBA800D17E19 /* outright.png */,
			);
			name = Images;
			sourceTree = "<group>";
		};
		43BD8E9415B0BBE200D17E19 /* XIBs */ = {
			isa = PBXGroup;
			children = (
				43BD8E7215B0B84B00D17E19 /* MainMenu.xib */,
				43BD8E9515B0BBF900D17E19 /* Panel.xib */,
			);
			name = XIBs;
			sourceTree = "<group>";
		};
/* End PBXGroup section */

/* Begin PBXNativeTarget section */
		43BD8E5815B0B84A00D17E19 /* Cowboy */ = {
			isa = PBXNativeTarget;
			buildConfigurationList = 43BD8E7715B0B84B00D17E19 /* Build configuration list for PBXNativeTarget "Cowboy" */;
			buildPhases = (
				43BD8E5515B0B84A00D17E19 /* Sources */,
				43BD8E5615B0B84A00D17E19 /* Frameworks */,
				43BD8E5715B0B84A00D17E19 /* Resources */,
			);
			buildRules = (
			);
			dependencies = (
			);
			name = Cowboy;
			productName = Cowboy;
			productReference = 43BD8E5915B0B84A00D17E19 /* Cowboy.app */;
			productType = "com.apple.product-type.application";
		};
/* End PBXNativeTarget section */

/* Begin PBXProject section */
		43BD8E5015B0B84A00D17E19 /* Project object */ = {
			isa = PBXProject;
			attributes = {
				CLASSPREFIX = Outright;
				LastUpgradeCheck = 0430;
				ORGANIZATIONNAME = Outright;
			};
			buildConfigurationList = 43BD8E5315B0B84A00D17E19 /* Build configuration list for PBXProject "Cowboy" */;
			compatibilityVersion = "Xcode 3.2";
			developmentRegion = English;
			hasScannedForEncodings = 0;
			knownRegions = (
				en,
			);
			mainGroup = 43BD8E4E15B0B84A00D17E19;
			productRefGroup = 43BD8E5A15B0B84A00D17E19 /* Products */;
			projectDirPath = "";
			projectRoot = "";
			targets = (
				43BD8E5815B0B84A00D17E19 /* Cowboy */,
			);
		};
/* End PBXProject section */

/* Begin PBXResourcesBuildPhase section */
		43BD8E5715B0B84A00D17E19 /* Resources */ = {
			isa = PBXResourcesBuildPhase;
			buildActionMask = 2147483647;
			files = (
				43BD8E6815B0B84A00D17E19 /* InfoPlist.strings in Resources */,
				43BD8E6E15B0B84A00D17E19 /* Credits.rtf in Resources */,
				43BD8E7415B0B84B00D17E19 /* MainMenu.xib in Resources */,
				43BD8E9215B0BBA800D17E19 /* outright_colors.png in Resources */,
				43BD8E9315B0BBA800D17E19 /* outright.png in Resources */,
				43BD8E9615B0BBF900D17E19 /* Panel.xib in Resources */,
				43BD8E9C15B0BE0B00D17E19 /* icon.jpg in Resources */,
			);
			runOnlyForDeploymentPostprocessing = 0;
		};
/* End PBXResourcesBuildPhase section */

/* Begin PBXSourcesBuildPhase section */
		43BD8E5515B0B84A00D17E19 /* Sources */ = {
			isa = PBXSourcesBuildPhase;
			buildActionMask = 2147483647;
			files = (
				43BD8E6A15B0B84A00D17E19 /* main.m in Sources */,
				43BD8E7115B0B84A00D17E19 /* OutrightAppDelegate.m in Sources */,
				43BD8E8315B0B90900D17E19 /* MenubarController.m in Sources */,
				43BD8E8415B0B90900D17E19 /* PanelController.m in Sources */,
				43BD8E8B15B0B98000D17E19 /* Panel.m in Sources */,
				43BD8E8C15B0B98000D17E19 /* StatusItemView.m in Sources */,
				43BD8E8D15B0B98000D17E19 /* BackgroundView.m in Sources */,
			);
			runOnlyForDeploymentPostprocessing = 0;
		};
/* End PBXSourcesBuildPhase section */

/* Begin PBXVariantGroup section */
		43BD8E6615B0B84A00D17E19 /* InfoPlist.strings */ = {
			isa = PBXVariantGroup;
			children = (
				43BD8E6715B0B84A00D17E19 /* en */,
			);
			name = InfoPlist.strings;
			sourceTree = "<group>";
		};
		43BD8E6C15B0B84A00D17E19 /* Credits.rtf */ = {
			isa = PBXVariantGroup;
			children = (
				43BD8E6D15B0B84A00D17E19 /* en */,
			);
			name = Credits.rtf;
			sourceTree = "<group>";
		};
		43BD8E7215B0B84B00D17E19 /* MainMenu.xib */ = {
			isa = PBXVariantGroup;
			children = (
				43BD8E7315B0B84B00D17E19 /* en */,
			);
			name = MainMenu.xib;
			sourceTree = "<group>";
		};
/* End PBXVariantGroup section */

/* Begin XCBuildConfiguration section */
		43BD8E7515B0B84B00D17E19 /* Debug */ = {
			isa = XCBuildConfiguration;
			buildSettings = {
				ALWAYS_SEARCH_USER_PATHS = NO;
				ARCHS = "$(ARCHS_STANDARD_64_BIT)";
				CLANG_ENABLE_OBJC_ARC = YES;
				COPY_PHASE_STRIP = NO;
				GCC_C_LANGUAGE_STANDARD = gnu99;
				GCC_DYNAMIC_NO_PIC = NO;
				GCC_ENABLE_OBJC_EXCEPTIONS = YES;
				GCC_OPTIMIZATION_LEVEL = 0;
				GCC_PREPROCESSOR_DEFINITIONS = (
					"DEBUG=1",
					"$(inherited)",
				);
				GCC_SYMBOLS_PRIVATE_EXTERN = NO;
				GCC_VERSION = com.apple.compilers.llvm.clang.1_0;
				GCC_WARN_64_TO_32_BIT_CONVERSION = YES;
				GCC_WARN_ABOUT_RETURN_TYPE = YES;
				GCC_WARN_UNINITIALIZED_AUTOS = YES;
				GCC_WARN_UNUSED_VARIABLE = YES;
				MACOSX_DEPLOYMENT_TARGET = 10.7;
				ONLY_ACTIVE_ARCH = YES;
				SDKROOT = macosx;
			};
			name = Debug;
		};
		43BD8E7615B0B84B00D17E19 /* Release */ = {
			isa = XCBuildConfiguration;
			buildSettings = {
				ALWAYS_SEARCH_USER_PATHS = NO;
				ARCHS = "$(ARCHS_STANDARD_64_BIT)";
				CLANG_ENABLE_OBJC_ARC = YES;
				COPY_PHASE_STRIP = YES;
				DEBUG_INFORMATION_FORMAT = "dwarf-with-dsym";
				GCC_C_LANGUAGE_STANDARD = gnu99;
				GCC_ENABLE_OBJC_EXCEPTIONS = YES;
				GCC_VERSION = com.apple.compilers.llvm.clang.1_0;
				GCC_WARN_64_TO_32_BIT_CONVERSION = YES;
				GCC_WARN_ABOUT_RETURN_TYPE = YES;
				GCC_WARN_UNINITIALIZED_AUTOS = YES;
				GCC_WARN_UNUSED_VARIABLE = YES;
				MACOSX_DEPLOYMENT_TARGET = 10.7;
				SDKROOT = macosx;
			};
			name = Release;
		};
		43BD8E7815B0B84B00D17E19 /* Debug */ = {
			isa = XCBuildConfiguration;
			buildSettings = {
				GCC_PRECOMPILE_PREFIX_HEADER = YES;
				GCC_PREFIX_HEADER = "Cowboy/Cowboy-Prefix.pch";
				INFOPLIST_FILE = "Cowboy/Cowboy-Info.plist";
				PRODUCT_NAME = "$(TARGET_NAME)";
				WRAPPER_EXTENSION = app;
			};
			name = Debug;
		};
		43BD8E7915B0B84B00D17E19 /* Release */ = {
			isa = XCBuildConfiguration;
			buildSettings = {
				GCC_PRECOMPILE_PREFIX_HEADER = YES;
				GCC_PREFIX_HEADER = "Cowboy/Cowboy-Prefix.pch";
				INFOPLIST_FILE = "Cowboy/Cowboy-Info.plist";
				PRODUCT_NAME = "$(TARGET_NAME)";
				WRAPPER_EXTENSION = app;
			};
			name = Release;
		};
/* End XCBuildConfiguration section */

/* Begin XCConfigurationList section */
		43BD8E5315B0B84A00D17E19 /* Build configuration list for PBXProject "Cowboy" */ = {
			isa = XCConfigurationList;
			buildConfigurations = (
				43BD8E7515B0B84B00D17E19 /* Debug */,
				43BD8E7615B0B84B00D17E19 /* Release */,
			);
			defaultConfigurationIsVisible = 0;
			defaultConfigurationName = Release;
		};
		43BD8E7715B0B84B00D17E19 /* Build configuration list for PBXNativeTarget "Cowboy" */ = {
			isa = XCConfigurationList;
			buildConfigurations = (
				43BD8E7815B0B84B00D17E19 /* Debug */,
				43BD8E7915B0B84B00D17E19 /* Release */,
			);
			defaultConfigurationIsVisible = 0;
		};
/* End XCConfigurationList section */
	};
	rootObject = 43BD8E5015B0B84A00D17E19 /* Project object */;
}
